
Microsoft Visual Studio Solution File, Format Version 12.00
# Visual Studio 15
VisualStudioVersion = 15.0.27703.2047
MinimumVisualStudioVersion = 10.0.40219.1
Project("{FAE04EC0-301F-11D3-BF4B-00C04F79EFBC}") = "PowerBall", "PowerBall\PowerBall.csproj", "{27035E3C-1BB8-4C9E-B58F-A3498D61E206}"
EndProject
Project("{FAE04EC0-301F-11D3-BF4B-00C04F79EFBC}") = "PowerBallTest", "PowerBallTest\PowerBallTest.csproj", "{D079C867-18CE-4DE0-8EC0-3F00D27C174D}"
EndProject
Global
	GlobalSection(SolutionConfigurationPlatforms) = preSolution
		Debug|Any CPU = Debug|Any CPU
		Release|Any CPU = Release|Any CPU
	EndGlobalSection
	GlobalSection(ProjectConfigurationPlatforms) = postSolution
		{27035E3C-1BB8-4C9E-B58F-A3498D61E206}.Debug|Any CPU.ActiveCfg = Debug|Any CPU
		{27035E3C-1BB8-4C9E-B58F-A3498D61E206}.Debug|Any CPU.Build.0 = Debug|Any CPU
		{27035E3C-1BB8-4C9E-B58F-A3498D61E206}.Release|Any CPU.ActiveCfg = Release|Any CPU
		{27035E3C-1BB8-4C9E-B58F-A3498D61E206}.Release|Any CPU.Build.0 = Release|Any CPU
		{D079C867-18CE-4DE0-8EC0-3F00D27C174D}.Debug|Any CPU.ActiveCfg = Debug|Any CPU
		{D079C867-18CE-4DE0-8EC0-3F00D27C174D}.Debug|Any CPU.Build.0 = Debug|Any CPU
		{D079C867-18CE-4DE0-8EC0-3F00D27C174D}.Release|Any CPU.ActiveCfg = Release|Any CPU
		{D079C867-18CE-4DE0-8EC0-3F00D27C174D}.Release|Any CPU.Build.0 = Release|Any CPU
	EndGlobalSection
	GlobalSection(SolutionProperties) = preSolution
		HideSolutionNode = FALSE
	EndGlobalSection
	GlobalSection(ExtensibilityGlobals) = postSolution
		SolutionGuid = {F99ADA05-188B-40C4-985A-BD3C944808A0}
	EndGlobalSection
EndGlobal
